
Microsoft Visual Studio Solution File, Format Version 12.00
# Visual Studio Version 16
VisualStudioVersion = 16.0.29806.167
MinimumVisualStudioVersion = 10.0.40219.1
Project("{8BC9CEB8-8B4A-11D0-8D11-00A0C91BC942}") = "staticQueue", "staticQueue\static.vcxproj", "{34DF88BF-5088-4DFC-84A1-EC23C3730985}"
EndProject
Project("{8BC9CEB8-8B4A-11D0-8D11-00A0C91BC942}") = "staticStack", "staticStack\staticStack.vcxproj", "{B24743FB-331D-4411-9C8A-D16F5E44C270}"
EndProject
Project("{8BC9CEB8-8B4A-11D0-8D11-00A0C91BC942}") = "singleList", "singleList\singleList.vcxproj", "{B19A1C05-B4BE-41FD-9120-BF0BD31E008C}"
EndProject
Project("{8BC9CEB8-8B4A-11D0-8D11-00A0C91BC942}") = "stack", "stack\stack.vcxproj", "{3F2A7F9B-EBB6-42C6-AB45-FC720B45D561}"
EndProject
Project("{8BC9CEB8-8B4A-11D0-8D11-00A0C91BC942}") = "queue", "queue\queue.vcxproj", "{7C193CFF-BC88-44A6-8126-A2534F8A4ED6}"
EndProject
Project("{8BC9CEB8-8B4A-11D0-8D11-00A0C91BC942}") = "doubleList", "doubleList\doubleList.vcxproj", "{C639A753-3582-4215-B713-CB341EF68B85}"
EndProject
Global
	GlobalSection(SolutionConfigurationPlatforms) = preSolution
		Debug|x64 = Debug|x64
		Debug|x86 = Debug|x86
		Release|x64 = Release|x64
		Release|x86 = Release|x86
	EndGlobalSection
	GlobalSection(ProjectConfigurationPlatforms) = postSolution
		{34DF88BF-5088-4DFC-84A1-EC23C3730985}.Debug|x64.ActiveCfg = Debug|x64
		{34DF88BF-5088-4DFC-84A1-EC23C3730985}.Debug|x64.Build.0 = Debug|x64
		{34DF88BF-5088-4DFC-84A1-EC23C3730985}.Debug|x86.ActiveCfg = Debug|Win32
		{34DF88BF-5088-4DFC-84A1-EC23C3730985}.Debug|x86.Build.0 = Debug|Win32
		{34DF88BF-5088-4DFC-84A1-EC23C3730985}.Release|x64.ActiveCfg = Release|x64
		{34DF88BF-5088-4DFC-84A1-EC23C3730985}.Release|x64.Build.0 = Release|x64
		{34DF88BF-5088-4DFC-84A1-EC23C3730985}.Release|x86.ActiveCfg = Release|Win32
		{34DF88BF-5088-4DFC-84A1-EC23C3730985}.Release|x86.Build.0 = Release|Win32
		{B24743FB-331D-4411-9C8A-D16F5E44C270}.Debug|x64.ActiveCfg = Debug|x64
		{B24743FB-331D-4411-9C8A-D16F5E44C270}.Debug|x64.Build.0 = Debug|x64
		{B24743FB-331D-4411-9C8A-D16F5E44C270}.Debug|x86.ActiveCfg = Debug|Win32
		{B24743FB-331D-4411-9C8A-D16F5E44C270}.Debug|x86.Build.0 = Debug|Win32
		{B24743FB-331D-4411-9C8A-D16F5E44C270}.Release|x64.ActiveCfg = Release|x64
		{B24743FB-331D-4411-9C8A-D16F5E44C270}.Release|x64.Build.0 = Release|x64
		{B24743FB-331D-4411-9C8A-D16F5E44C270}.Release|x86.ActiveCfg = Release|Win32
		{B24743FB-331D-4411-9C8A-D16F5E44C270}.Release|x86.Build.0 = Release|Win32
		{B19A1C05-B4BE-41FD-9120-BF0BD31E008C}.Debug|x64.ActiveCfg = Debug|x64
		{B19A1C05-B4BE-41FD-9120-BF0BD31E008C}.Debug|x64.Build.0 = Debug|x64
		{B19A1C05-B4BE-41FD-9120-BF0BD31E008C}.Debug|x86.ActiveCfg = Debug|Win32
		{B19A1C05-B4BE-41FD-9120-BF0BD31E008C}.Debug|x86.Build.0 = Debug|Win32
		{B19A1C05-B4BE-41FD-9120-BF0BD31E008C}.Release|x64.ActiveCfg = Release|x64
		{B19A1C05-B4BE-41FD-9120-BF0BD31E008C}.Release|x64.Build.0 = Release|x64
		{B19A1C05-B4BE-41FD-9120-BF0BD31E008C}.Release|x86.ActiveCfg = Release|Win32
		{B19A1C05-B4BE-41FD-9120-BF0BD31E008C}.Release|x86.Build.0 = Release|Win32
		{3F2A7F9B-EBB6-42C6-AB45-FC720B45D561}.Debug|x64.ActiveCfg = Debug|x64
		{3F2A7F9B-EBB6-42C6-AB45-FC720B45D561}.Debug|x64.Build.0 = Debug|x64
		{3F2A7F9B-EBB6-42C6-AB45-FC720B45D561}.Debug|x86.ActiveCfg = Debug|Win32
		{3F2A7F9B-EBB6-42C6-AB45-FC720B45D561}.Debug|x86.Build.0 = Debug|Win32
		{3F2A7F9B-EBB6-42C6-AB45-FC720B45D561}.Release|x64.ActiveCfg = Release|x64
		{3F2A7F9B-EBB6-42C6-AB45-FC720B45D561}.Release|x64.Build.0 = Release|x64
		{3F2A7F9B-EBB6-42C6-AB45-FC720B45D561}.Release|x86.ActiveCfg = Release|Win32
		{3F2A7F9B-EBB6-42C6-AB45-FC720B45D561}.Release|x86.Build.0 = Release|Win32
		{7C193CFF-BC88-44A6-8126-A2534F8A4ED6}.Debug|x64.ActiveCfg = Debug|x64
		{7C193CFF-BC88-44A6-8126-A2534F8A4ED6}.Debug|x64.Build.0 = Debug|x64
		{7C193CFF-BC88-44A6-8126-A2534F8A4ED6}.Debug|x86.ActiveCfg = Debug|Win32
		{7C193CFF-BC88-44A6-8126-A2534F8A4ED6}.Debug|x86.Build.0 = Debug|Win32
		{7C193CFF-BC88-44A6-8126-A2534F8A4ED6}.Release|x64.ActiveCfg = Release|x64
		{7C193CFF-BC88-44A6-8126-A2534F8A4ED6}.Release|x64.Build.0 = Release|x64
		{7C193CFF-BC88-44A6-8126-A2534F8A4ED6}.Release|x86.ActiveCfg = Release|Win32
		{7C193CFF-BC88-44A6-8126-A2534F8A4ED6}.Release|x86.Build.0 = Release|Win32
		{C639A753-3582-4215-B713-CB341EF68B85}.Debug|x64.ActiveCfg = Debug|x64
		{C639A753-3582-4215-B713-CB341EF68B85}.Debug|x64.Build.0 = Debug|x64
		{C639A753-3582-4215-B713-CB341EF68B85}.Debug|x86.ActiveCfg = Debug|Win32
		{C639A753-3582-4215-B713-CB341EF68B85}.Debug|x86.Build.0 = Debug|Win32
		{C639A753-3582-4215-B713-CB341EF68B85}.Release|x64.ActiveCfg = Release|x64
		{C639A753-3582-4215-B713-CB341EF68B85}.Release|x64.Build.0 = Release|x64
		{C639A753-3582-4215-B713-CB341EF68B85}.Release|x86.ActiveCfg = Release|Win32
		{C639A753-3582-4215-B713-CB341EF68B85}.Release|x86.Build.0 = Release|Win32
	EndGlobalSection
	GlobalSection(SolutionProperties) = preSolution
		HideSolutionNode = FALSE
	EndGlobalSection
	GlobalSection(ExtensibilityGlobals) = postSolution
		SolutionGuid = {3723AFA9-E947-434E-9337-73B64F2DEA83}
	EndGlobalSection
EndGlobal
